
Microsoft Visual Studio Solution File, Format Version 12.00
# Visual Studio Version 17
VisualStudioVersion = 17.5.002.0
MinimumVisualStudioVersion = 10.0.40219.1
Project("{9A19103F-16F7-4668-BE54-9A1E7A4F7556}") = "msal-api", "msal-api.csproj", "{5A8D09DE-7780-4A8D-A924-2A7DF793A800}"
EndProject
Global
	GlobalSection(SolutionConfigurationPlatforms) = preSolution
		Debug|Any CPU = Debug|Any CPU
		Release|Any CPU = Release|Any CPU
	EndGlobalSection
	GlobalSection(ProjectConfigurationPlatforms) = postSolution
		{5A8D09DE-7780-4A8D-A924-2A7DF793A800}.Debug|Any CPU.ActiveCfg = Debug|Any CPU
		{5A8D09DE-7780-4A8D-A924-2A7DF793A800}.Debug|Any CPU.Build.0 = Debug|Any CPU
		{5A8D09DE-7780-4A8D-A924-2A7DF793A800}.Release|Any CPU.ActiveCfg = Release|Any CPU
		{5A8D09DE-7780-4A8D-A924-2A7DF793A800}.Release|Any CPU.Build.0 = Release|Any CPU
	EndGlobalSection
	GlobalSection(SolutionProperties) = preSolution
		HideSolutionNode = FALSE
	EndGlobalSection
	GlobalSection(ExtensibilityGlobals) = postSolution
		SolutionGuid = {C10CDD3A-2B0F-4B69-A670-0E5443105952}
	EndGlobalSection
EndGlobal
